
Microsoft Visual Studio Solution File, Format Version 12.00
# Visual Studio Version 16
VisualStudioVersion = 16.0.30503.244
MinimumVisualStudioVersion = 10.0.40219.1
Project("{FAE04EC0-301F-11D3-BF4B-00C04F79EFBC}") = "Payroll", "Payroll\Payroll.csproj", "{22288C98-3500-4522-9114-0AC21AAF2F11}"
EndProject
Global
	GlobalSection(SolutionConfigurationPlatforms) = preSolution
		Debug|Any CPU = Debug|Any CPU
		Release|Any CPU = Release|Any CPU
	EndGlobalSection
	GlobalSection(ProjectConfigurationPlatforms) = postSolution
		{22288C98-3500-4522-9114-0AC21AAF2F11}.Debug|Any CPU.ActiveCfg = Debug|Any CPU
		{22288C98-3500-4522-9114-0AC21AAF2F11}.Debug|Any CPU.Build.0 = Debug|Any CPU
		{22288C98-3500-4522-9114-0AC21AAF2F11}.Release|Any CPU.ActiveCfg = Release|Any CPU
		{22288C98-3500-4522-9114-0AC21AAF2F11}.Release|Any CPU.Build.0 = Release|Any CPU
	EndGlobalSection
	GlobalSection(SolutionProperties) = preSolution
		HideSolutionNode = FALSE
	EndGlobalSection
	GlobalSection(ExtensibilityGlobals) = postSolution
		SolutionGuid = {0DBF8FFE-279A-4DF8-9A6F-422DE0864F52}
	EndGlobalSection
EndGlobal
